
Microsoft Visual Studio Solution File, Format Version 12.00
# Visual Studio Version 17
VisualStudioVersion = 17.0.32126.317
MinimumVisualStudioVersion = 10.0.40219.1
Project("{FAE04EC0-301F-11D3-BF4B-00C04F79EFBC}") = "KiemTra02", "KiemTra02.csproj", "{4D384F7B-41A3-48F1-B3D8-1F5D8B95D34C}"
EndProject
Global
	GlobalSection(SolutionConfigurationPlatforms) = preSolution
		Debug|Any CPU = Debug|Any CPU
		Release|Any CPU = Release|Any CPU
	EndGlobalSection
	GlobalSection(ProjectConfigurationPlatforms) = postSolution
		{4D384F7B-41A3-48F1-B3D8-1F5D8B95D34C}.Debug|Any CPU.ActiveCfg = Debug|Any CPU
		{4D384F7B-41A3-48F1-B3D8-1F5D8B95D34C}.Debug|Any CPU.Build.0 = Debug|Any CPU
		{4D384F7B-41A3-48F1-B3D8-1F5D8B95D34C}.Release|Any CPU.ActiveCfg = Release|Any CPU
		{4D384F7B-41A3-48F1-B3D8-1F5D8B95D34C}.Release|Any CPU.Build.0 = Release|Any CPU
	EndGlobalSection
	GlobalSection(SolutionProperties) = preSolution
		HideSolutionNode = FALSE
	EndGlobalSection
	GlobalSection(ExtensibilityGlobals) = postSolution
		SolutionGuid = {EB01D46D-5DE8-4843-A358-E373E101369B}
	EndGlobalSection
EndGlobal
